
Microsoft Visual Studio Solution File, Format Version 12.00
# Visual Studio Version 17
VisualStudioVersion = 17.8.34316.72
MinimumVisualStudioVersion = 10.0.40219.1
Project("{FAE04EC0-301F-11D3-BF4B-00C04F79EFBC}") = "ACT2 archivos Csharp", "ACT2 archivos Csharp\ACT2 archivos Csharp.csproj", "{5FDCF0A9-CD1B-43FF-A9FD-C6FEBBE10FC4}"
EndProject
Global
	GlobalSection(SolutionConfigurationPlatforms) = preSolution
		Debug|Any CPU = Debug|Any CPU
		Release|Any CPU = Release|Any CPU
	EndGlobalSection
	GlobalSection(ProjectConfigurationPlatforms) = postSolution
		{5FDCF0A9-CD1B-43FF-A9FD-C6FEBBE10FC4}.Debug|Any CPU.ActiveCfg = Debug|Any CPU
		{5FDCF0A9-CD1B-43FF-A9FD-C6FEBBE10FC4}.Debug|Any CPU.Build.0 = Debug|Any CPU
		{5FDCF0A9-CD1B-43FF-A9FD-C6FEBBE10FC4}.Release|Any CPU.ActiveCfg = Release|Any CPU
		{5FDCF0A9-CD1B-43FF-A9FD-C6FEBBE10FC4}.Release|Any CPU.Build.0 = Release|Any CPU
	EndGlobalSection
	GlobalSection(SolutionProperties) = preSolution
		HideSolutionNode = FALSE
	EndGlobalSection
	GlobalSection(ExtensibilityGlobals) = postSolution
		SolutionGuid = {0F7A2E0F-87EE-406B-AF8D-1F383B225C4A}
	EndGlobalSection
EndGlobal
